
Microsoft Visual Studio Solution File, Format Version 12.00
# Visual Studio Version 17
VisualStudioVersion = 17.5.002.0
MinimumVisualStudioVersion = 10.0.40219.1
Project("{9A19103F-16F7-4668-BE54-9A1E7A4F7556}") = "krr", "krr.csproj", "{A04B1DF2-8A77-413D-B292-350CCD286434}"
EndProject
Global
	GlobalSection(SolutionConfigurationPlatforms) = preSolution
		Debug|Any CPU = Debug|Any CPU
		Release|Any CPU = Release|Any CPU
	EndGlobalSection
	GlobalSection(ProjectConfigurationPlatforms) = postSolution
		{A04B1DF2-8A77-413D-B292-350CCD286434}.Debug|Any CPU.ActiveCfg = Debug|Any CPU
		{A04B1DF2-8A77-413D-B292-350CCD286434}.Debug|Any CPU.Build.0 = Debug|Any CPU
		{A04B1DF2-8A77-413D-B292-350CCD286434}.Release|Any CPU.ActiveCfg = Release|Any CPU
		{A04B1DF2-8A77-413D-B292-350CCD286434}.Release|Any CPU.Build.0 = Release|Any CPU
	EndGlobalSection
	GlobalSection(SolutionProperties) = preSolution
		HideSolutionNode = FALSE
	EndGlobalSection
	GlobalSection(ExtensibilityGlobals) = postSolution
		SolutionGuid = {DD98EA97-F033-45FA-B2E7-DF9A95740955}
	EndGlobalSection
EndGlobal
